// !$*UTF8*$!
{
	archiveVersion = 1;
	classes = {
	};
	objectVersion = 56;
	objects = {

/* Begin PBXBuildFile section */
		4B246AED2C69145900B2D181 /* PeripheralCell.xib in Resources */ = {isa = PBXBuildFile; fileRef = 4B246AEC2C69145900B2D181 /* PeripheralCell.xib */; };
		4B246AEF2C69148A00B2D181 /* PeripheralCell.swift in Sources */ = {isa = PBXBuildFile; fileRef = 4B246AEE2C69148A00B2D181 /* PeripheralCell.swift */; };
		4B246AF12C6914CD00B2D181 /* PeripheralVC.swift in Sources */ = {isa = PBXBuildFile; fileRef = 4B246AF02C6914CD00B2D181 /* PeripheralVC.swift */; };
		4B246AF42C69180900B2D181 /* BluetoothManager.swift in Sources */ = {isa = PBXBuildFile; fileRef = 4B246AF22C69180900B2D181 /* BluetoothManager.swift */; };
		4BC500B12C6672450019F624 /* AppDelegate.swift in Sources */ = {isa = PBXBuildFile; fileRef = 4BC500B02C6672450019F624 /* AppDelegate.swift */; };
		4BC500B32C6672450019F624 /* SceneDelegate.swift in Sources */ = {isa = PBXBuildFile; fileRef = 4BC500B22C6672450019F624 /* SceneDelegate.swift */; };
		4BC500B82C6672450019F624 /* Base in Resources */ = {isa = PBXBuildFile; fileRef = 4BC500B72C6672450019F624 /* Base */; };
		4BC500BA2C6672460019F624 /* Assets.xcassets in Resources */ = {isa = PBXBuildFile; fileRef = 4BC500B92C6672460019F624 /* Assets.xcassets */; };
		4BC500BD2C6672460019F624 /* Base in Resources */ = {isa = PBXBuildFile; fileRef = 4BC500BC2C6672460019F624 /* Base */; };
		4BC500C82C6672460019F624 /* IoTAppTests.swift in Sources */ = {isa = PBXBuildFile; fileRef = 4BC500C72C6672460019F624 /* IoTAppTests.swift */; };
		4BC500D22C6672460019F624 /* IoTAppUITests.swift in Sources */ = {isa = PBXBuildFile; fileRef = 4BC500D12C6672460019F624 /* IoTAppUITests.swift */; };
		4BC500D42C6672460019F624 /* IoTAppUITestsLaunchTests.swift in Sources */ = {isa = PBXBuildFile; fileRef = 4BC500D32C6672460019F624 /* IoTAppUITestsLaunchTests.swift */; };
/* End PBXBuildFile section */

/* Begin PBXContainerItemProxy section */
		4BC500C42C6672460019F624 /* PBXContainerItemProxy */ = {
			isa = PBXContainerItemProxy;
			containerPortal = 4BC500A52C6672450019F624 /* Project object */;
			proxyType = 1;
			remoteGlobalIDString = 4BC500AC2C6672450019F624;
			remoteInfo = IoTApp;
		};
		4BC500CE2C6672460019F624 /* PBXContainerItemProxy */ = {
			isa = PBXContainerItemProxy;
			containerPortal = 4BC500A52C6672450019F624 /* Project object */;
			proxyType = 1;
			remoteGlobalIDString = 4BC500AC2C6672450019F624;
			remoteInfo = IoTApp;
		};
/* End PBXContainerItemProxy section */

/* Begin PBXFileReference section */
		4B246AEC2C69145900B2D181 /* PeripheralCell.xib */ = {isa = PBXFileReference; lastKnownFileType = file.xib; path = PeripheralCell.xib; sourceTree = "<group>"; };
		4B246AEE2C69148A00B2D181 /* PeripheralCell.swift */ = {isa = PBXFileReference; lastKnownFileType = sourcecode.swift; path = PeripheralCell.swift; sourceTree = "<group>"; };
		4B246AF02C6914CD00B2D181 /* PeripheralVC.swift */ = {isa = PBXFileReference; lastKnownFileType = sourcecode.swift; path = PeripheralVC.swift; sourceTree = "<group>"; };
		4B246AF22C69180900B2D181 /* BluetoothManager.swift */ = {isa = PBXFileReference; fileEncoding = 4; lastKnownFileType = sourcecode.swift; path = BluetoothManager.swift; sourceTree = "<group>"; };
		4BC500AD2C6672450019F624 /* IoTApp.app */ = {isa = PBXFileReference; explicitFileType = wrapper.application; includeInIndex = 0; path = IoTApp.app; sourceTree = BUILT_PRODUCTS_DIR; };
		4BC500B02C6672450019F624 /* AppDelegate.swift */ = {isa = PBXFileReference; lastKnownFileType = sourcecode.swift; path = AppDelegate.swift; sourceTree = "<group>"; };
		4BC500B22C6672450019F624 /* SceneDelegate.swift */ = {isa = PBXFileReference; lastKnownFileType = sourcecode.swift; path = SceneDelegate.swift; sourceTree = "<group>"; };
		4BC500B72C6672450019F624 /* Base */ = {isa = PBXFileReference; lastKnownFileType = file.storyboard; name = Base; path = Base.lproj/Main.storyboard; sourceTree = "<group>"; };
		4BC500B92C6672460019F624 /* Assets.xcassets */ = {isa = PBXFileReference; lastKnownFileType = folder.assetcatalog; path = Assets.xcassets; sourceTree = "<group>"; };
		4BC500BC2C6672460019F624 /* Base */ = {isa = PBXFileReference; lastKnownFileType = file.storyboard; name = Base; path = Base.lproj/LaunchScreen.storyboard; sourceTree = "<group>"; };
		4BC500BE2C6672460019F624 /* Info.plist */ = {isa = PBXFileReference; lastKnownFileType = text.plist.xml; path = Info.plist; sourceTree = "<group>"; };
		4BC500C32C6672460019F624 /* IoTAppTests.xctest */ = {isa = PBXFileReference; explicitFileType = wrapper.cfbundle; includeInIndex = 0; path = IoTAppTests.xctest; sourceTree = BUILT_PRODUCTS_DIR; };
		4BC500C72C6672460019F624 /* IoTAppTests.swift */ = {isa = PBXFileReference; lastKnownFileType = sourcecode.swift; path = IoTAppTests.swift; sourceTree = "<group>"; };
		4BC500CD2C6672460019F624 /* IoTAppUITests.xctest */ = {isa = PBXFileReference; explicitFileType = wrapper.cfbundle; includeInIndex = 0; path = IoTAppUITests.xctest; sourceTree = BUILT_PRODUCTS_DIR; };
		4BC500D12C6672460019F624 /* IoTAppUITests.swift */ = {isa = PBXFileReference; lastKnownFileType = sourcecode.swift; path = IoTAppUITests.swift; sourceTree = "<group>"; };
		4BC500D32C6672460019F624 /* IoTAppUITestsLaunchTests.swift */ = {isa = PBXFileReference; lastKnownFileType = sourcecode.swift; path = IoTAppUITestsLaunchTests.swift; sourceTree = "<group>"; };
/* End PBXFileReference section */

/* Begin PBXFrameworksBuildPhase section */
		4BC500AA2C6672450019F624 /* Frameworks */ = {
			isa = PBXFrameworksBuildPhase;
			buildActionMask = 2147483647;
			files = (
			);
			runOnlyForDeploymentPostprocessing = 0;
		};
		4BC500C02C6672460019F624 /* Frameworks */ = {
			isa = PBXFrameworksBuildPhase;
			buildActionMask = 2147483647;
			files = (
			);
			runOnlyForDeploymentPostprocessing = 0;
		};
		4BC500CA2C6672460019F624 /* Frameworks */ = {
			isa = PBXFrameworksBuildPhase;
			buildActionMask = 2147483647;
			files = (
			);
			runOnlyForDeploymentPostprocessing = 0;
		};
/* End PBXFrameworksBuildPhase section */

/* Begin PBXGroup section */
		4B246AEB2C69144500B2D181 /* PeripheralCell */ = {
			isa = PBXGroup;
			children = (
				4B246AF32C69180900B2D181 /* BluetoothManager */,
				4B246AEC2C69145900B2D181 /* PeripheralCell.xib */,
				4B246AEE2C69148A00B2D181 /* PeripheralCell.swift */,
			);
			path = PeripheralCell;
			sourceTree = "<group>";
		};
		4B246AF32C69180900B2D181 /* BluetoothManager */ = {
			isa = PBXGroup;
			children = (
				4B246AF22C69180900B2D181 /* BluetoothManager.swift */,
			);
			path = BluetoothManager;
			sourceTree = "<group>";
		};
		4BC500A42C6672450019F624 = {
			isa = PBXGroup;
			children = (
				4BC500AF2C6672450019F624 /* IoTApp */,
				4BC500C62C6672460019F624 /* IoTAppTests */,
				4BC500D02C6672460019F624 /* IoTAppUITests */,
				4BC500AE2C6672450019F624 /* Products */,
			);
			sourceTree = "<group>";
		};
		4BC500AE2C6672450019F624 /* Products */ = {
			isa = PBXGroup;
			children = (
				4BC500AD2C6672450019F624 /* IoTApp.app */,
				4BC500C32C6672460019F624 /* IoTAppTests.xctest */,
				4BC500CD2C6672460019F624 /* IoTAppUITests.xctest */,
			);
			name = Products;
			sourceTree = "<group>";
		};
		4BC500AF2C6672450019F624 /* IoTApp */ = {
			isa = PBXGroup;
			children = (
				4B246AEB2C69144500B2D181 /* PeripheralCell */,
				4BC500B02C6672450019F624 /* AppDelegate.swift */,
				4BC500B22C6672450019F624 /* SceneDelegate.swift */,
				4BC500B62C6672450019F624 /* Main.storyboard */,
				4BC500B92C6672460019F624 /* Assets.xcassets */,
				4BC500BB2C6672460019F624 /* LaunchScreen.storyboard */,
				4BC500BE2C6672460019F624 /* Info.plist */,
				4B246AF02C6914CD00B2D181 /* PeripheralVC.swift */,
			);
			path = IoTApp;
			sourceTree = "<group>";
		};
		4BC500C62C6672460019F624 /* IoTAppTests */ = {
			isa = PBXGroup;
			children = (
				4BC500C72C6672460019F624 /* IoTAppTests.swift */,
			);
			path = IoTAppTests;
			sourceTree = "<group>";
		};
		4BC500D02C6672460019F624 /* IoTAppUITests */ = {
			isa = PBXGroup;
			children = (
				4BC500D12C6672460019F624 /* IoTAppUITests.swift */,
				4BC500D32C6672460019F624 /* IoTAppUITestsLaunchTests.swift */,
			);
			path = IoTAppUITests;
			sourceTree = "<group>";
		};
/* End PBXGroup section */

/* Begin PBXNativeTarget section */
		4BC500AC2C6672450019F624 /* IoTApp */ = {
			isa = PBXNativeTarget;
			buildConfigurationList = 4BC500D72C6672460019F624 /* Build configuration list for PBXNativeTarget "IoTApp" */;
			buildPhases = (
				4BC500A92C6672450019F624 /* Sources */,
				4BC500AA2C6672450019F624 /* Frameworks */,
				4BC500AB2C6672450019F624 /* Resources */,
			);
			buildRules = (
			);
			dependencies = (
			);
			name = IoTApp;
			productName = IoTApp;
			productReference = 4BC500AD2C6672450019F624 /* IoTApp.app */;
			productType = "com.apple.product-type.application";
		};
		4BC500C22C6672460019F624 /* IoTAppTests */ = {
			isa = PBXNativeTarget;
			buildConfigurationList = 4BC500DA2C6672460019F624 /* Build configuration list for PBXNativeTarget "IoTAppTests" */;
			buildPhases = (
				4BC500BF2C6672460019F624 /* Sources */,
				4BC500C02C6672460019F624 /* Frameworks */,
				4BC500C12C6672460019F624 /* Resources */,
			);
			buildRules = (
			);
			dependencies = (
				4BC500C52C6672460019F624 /* PBXTargetDependency */,
			);
			name = IoTAppTests;
			productName = IoTAppTests;
			productReference = 4BC500C32C6672460019F624 /* IoTAppTests.xctest */;
			productType = "com.apple.product-type.bundle.unit-test";
		};
		4BC500CC2C6672460019F624 /* IoTAppUITests */ = {
			isa = PBXNativeTarget;
			buildConfigurationList = 4BC500DD2C6672460019F624 /* Build configuration list for PBXNativeTarget "IoTAppUITests" */;
			buildPhases = (
				4BC500C92C6672460019F624 /* Sources */,
				4BC500CA2C6672460019F624 /* Frameworks */,
				4BC500CB2C6672460019F624 /* Resources */,
			);
			buildRules = (
			);
			dependencies = (
				4BC500CF2C6672460019F624 /* PBXTargetDependency */,
			);
			name = IoTAppUITests;
			productName = IoTAppUITests;
			productReference = 4BC500CD2C6672460019F624 /* IoTAppUITests.xctest */;
			productType = "com.apple.product-type.bundle.ui-testing";
		};
/* End PBXNativeTarget section */

/* Begin PBXProject section */
		4BC500A52C6672450019F624 /* Project object */ = {
			isa = PBXProject;
			attributes = {
				BuildIndependentTargetsInParallel = 1;
				LastSwiftUpdateCheck = 1530;
				LastUpgradeCheck = 1530;
				TargetAttributes = {
					4BC500AC2C6672450019F624 = {
						CreatedOnToolsVersion = 15.3;
					};
					4BC500C22C6672460019F624 = {
						CreatedOnToolsVersion = 15.3;
						TestTargetID = 4BC500AC2C6672450019F624;
					};
					4BC500CC2C6672460019F624 = {
						CreatedOnToolsVersion = 15.3;
						TestTargetID = 4BC500AC2C6672450019F624;
					};
				};
			};
			buildConfigurationList = 4BC500A82C6672450019F624 /* Build configuration list for PBXProject "IoTApp" */;
			compatibilityVersion = "Xcode 14.0";
			developmentRegion = en;
			hasScannedForEncodings = 0;
			knownRegions = (
				en,
				Base,
			);
			mainGroup = 4BC500A42C6672450019F624;
			productRefGroup = 4BC500AE2C6672450019F624 /* Products */;
			projectDirPath = "";
			projectRoot = "";
			targets = (
				4BC500AC2C6672450019F624 /* IoTApp */,
				4BC500C22C6672460019F624 /* IoTAppTests */,
				4BC500CC2C6672460019F624 /* IoTAppUITests */,
			);
		};
/* End PBXProject section */

/* Begin PBXResourcesBuildPhase section */
		4BC500AB2C6672450019F624 /* Resources */ = {
			isa = PBXResourcesBuildPhase;
			buildActionMask = 2147483647;
			files = (
				4BC500BA2C6672460019F624 /* Assets.xcassets in Resources */,
				4BC500BD2C6672460019F624 /* Base in Resources */,
				4BC500B82C6672450019F624 /* Base in Resources */,
				4B246AED2C69145900B2D181 /* PeripheralCell.xib in Resources */,
			);
			runOnlyForDeploymentPostprocessing = 0;
		};
		4BC500C12C6672460019F624 /* Resources */ = {
			isa = PBXResourcesBuildPhase;
			buildActionMask = 2147483647;
			files = (
			);
			runOnlyForDeploymentPostprocessing = 0;
		};
		4BC500CB2C6672460019F624 /* Resources */ = {
			isa = PBXResourcesBuildPhase;
			buildActionMask = 2147483647;
			files = (
			);
			runOnlyForDeploymentPostprocessing = 0;
		};
/* End PBXResourcesBuildPhase section */

/* Begin PBXSourcesBuildPhase section */
		4BC500A92C6672450019F624 /* Sources */ = {
			isa = PBXSourcesBuildPhase;
			buildActionMask = 2147483647;
			files = (
				4BC500B12C6672450019F624 /* AppDelegate.swift in Sources */,
				4BC500B32C6672450019F624 /* SceneDelegate.swift in Sources */,
				4B246AF12C6914CD00B2D181 /* PeripheralVC.swift in Sources */,
				4B246AEF2C69148A00B2D181 /* PeripheralCell.swift in Sources */,
				4B246AF42C69180900B2D181 /* BluetoothManager.swift in Sources */,
			);
			runOnlyForDeploymentPostprocessing = 0;
		};
		4BC500BF2C6672460019F624 /* Sources */ = {
			isa = PBXSourcesBuildPhase;
			buildActionMask = 2147483647;
			files = (
				4BC500C82C6672460019F624 /* IoTAppTests.swift in Sources */,
			);
			runOnlyForDeploymentPostprocessing = 0;
		};
		4BC500C92C6672460019F624 /* Sources */ = {
			isa = PBXSourcesBuildPhase;
			buildActionMask = 2147483647;
			files = (
				4BC500D22C6672460019F624 /* IoTAppUITests.swift in Sources */,
				4BC500D42C6672460019F624 /* IoTAppUITestsLaunchTests.swift in Sources */,
			);
			runOnlyForDeploymentPostprocessing = 0;
		};
/* End PBXSourcesBuildPhase section */

/* Begin PBXTargetDependency section */
		4BC500C52C6672460019F624 /* PBXTargetDependency */ = {
			isa = PBXTargetDependency;
			target = 4BC500AC2C6672450019F624 /* IoTApp */;
			targetProxy = 4BC500C42C6672460019F624 /* PBXContainerItemProxy */;
		};
		4BC500CF2C6672460019F624 /* PBXTargetDependency */ = {
			isa = PBXTargetDependency;
			target = 4BC500AC2C6672450019F624 /* IoTApp */;
			targetProxy = 4BC500CE2C6672460019F624 /* PBXContainerItemProxy */;
		};
/* End PBXTargetDependency section */

/* Begin PBXVariantGroup section */
		4BC500B62C6672450019F624 /* Main.storyboard */ = {
			isa = PBXVariantGroup;
			children = (
				4BC500B72C6672450019F624 /* Base */,
			);
			name = Main.storyboard;
			sourceTree = "<group>";
		};
		4BC500BB2C6672460019F624 /* LaunchScreen.storyboard */ = {
			isa = PBXVariantGroup;
			children = (
				4BC500BC2C6672460019F624 /* Base */,
			);
			name = LaunchScreen.storyboard;
			sourceTree = "<group>";
		};
/* End PBXVariantGroup section */

/* Begin XCBuildConfiguration section */
		4BC500D52C6672460019F624 /* Debug */ = {
			isa = XCBuildConfiguration;
			buildSettings = {
				ALWAYS_SEARCH_USER_PATHS = NO;
				ASSETCATALOG_COMPILER_GENERATE_SWIFT_ASSET_SYMBOL_EXTENSIONS = YES;
				CLANG_ANALYZER_NONNULL = YES;
				CLANG_ANALYZER_NUMBER_OBJECT_CONVERSION = YES_AGGRESSIVE;
				CLANG_CXX_LANGUAGE_STANDARD = "gnu++20";
				CLANG_ENABLE_MODULES = YES;
				CLANG_ENABLE_OBJC_ARC = YES;
				CLANG_ENABLE_OBJC_WEAK = YES;
				CLANG_WARN_BLOCK_CAPTURE_AUTORELEASING = YES;
				CLANG_WARN_BOOL_CONVERSION = YES;
				CLANG_WARN_COMMA = YES;
				CLANG_WARN_CONSTANT_CONVERSION = YES;
				CLANG_WARN_DEPRECATED_OBJC_IMPLEMENTATIONS = YES;
				CLANG_WARN_DIRECT_OBJC_ISA_USAGE = YES_ERROR;
				CLANG_WARN_DOCUMENTATION_COMMENTS = YES;
				CLANG_WARN_EMPTY_BODY = YES;
				CLANG_WARN_ENUM_CONVERSION = YES;
				CLANG_WARN_INFINITE_RECURSION = YES;
				CLANG_WARN_INT_CONVERSION = YES;
				CLANG_WARN_NON_LITERAL_NULL_CONVERSION = YES;
				CLANG_WARN_OBJC_IMPLICIT_RETAIN_SELF = YES;
				CLANG_WARN_OBJC_LITERAL_CONVERSION = YES;
				CLANG_WARN_OBJC_ROOT_CLASS = YES_ERROR;
				CLANG_WARN_QUOTED_INCLUDE_IN_FRAMEWORK_HEADER = YES;
				CLANG_WARN_RANGE_LOOP_ANALYSIS = YES;
				CLANG_WARN_STRICT_PROTOTYPES = YES;
				CLANG_WARN_SUSPICIOUS_MOVE = YES;
				CLANG_WARN_UNGUARDED_AVAILABILITY = YES_AGGRESSIVE;
				CLANG_WARN_UNREACHABLE_CODE = YES;
				CLANG_WARN__DUPLICATE_METHOD_MATCH = YES;
				COPY_PHASE_STRIP = NO;
				DEBUG_INFORMATION_FORMAT = dwarf;
				ENABLE_STRICT_OBJC_MSGSEND = YES;
				ENABLE_TESTABILITY = YES;
				ENABLE_USER_SCRIPT_SANDBOXING = YES;
				GCC_C_LANGUAGE_STANDARD = gnu17;
				GCC_DYNAMIC_NO_PIC = NO;
				GCC_NO_COMMON_BLOCKS = YES;
				GCC_OPTIMIZATION_LEVEL = 0;
				GCC_PREPROCESSOR_DEFINITIONS = (
					"DEBUG=1",
					"$(inherited)",
				);
				GCC_WARN_64_TO_32_BIT_CONVERSION = YES;
				GCC_WARN_ABOUT_RETURN_TYPE = YES_ERROR;
				GCC_WARN_UNDECLARED_SELECTOR = YES;
				GCC_WARN_UNINITIALIZED_AUTOS = YES_AGGRESSIVE;
				GCC_WARN_UNUSED_FUNCTION = YES;
				GCC_WARN_UNUSED_VARIABLE = YES;
				IPHONEOS_DEPLOYMENT_TARGET = 17.4;
				LOCALIZATION_PREFERS_STRING_CATALOGS = YES;
				MTL_ENABLE_DEBUG_INFO = INCLUDE_SOURCE;
				MTL_FAST_MATH = YES;
				ONLY_ACTIVE_ARCH = YES;
				SDKROOT = iphoneos;
				SWIFT_ACTIVE_COMPILATION_CONDITIONS = "DEBUG $(inherited)";
				SWIFT_OPTIMIZATION_LEVEL = "-Onone";
			};
			name = Debug;
		};
		4BC500D62C6672460019F624 /* Release */ = {
			isa = XCBuildConfiguration;
			buildSettings = {
				ALWAYS_SEARCH_USER_PATHS = NO;
				ASSETCATALOG_COMPILER_GENERATE_SWIFT_ASSET_SYMBOL_EXTENSIONS = YES;
				CLANG_ANALYZER_NONNULL = YES;
				CLANG_ANALYZER_NUMBER_OBJECT_CONVERSION = YES_AGGRESSIVE;
				CLANG_CXX_LANGUAGE_STANDARD = "gnu++20";
				CLANG_ENABLE_MODULES = YES;
				CLANG_ENABLE_OBJC_ARC = YES;
				CLANG_ENABLE_OBJC_WEAK = YES;
				CLANG_WARN_BLOCK_CAPTURE_AUTORELEASING = YES;
				CLANG_WARN_BOOL_CONVERSION = YES;
				CLANG_WARN_COMMA = YES;
				CLANG_WARN_CONSTANT_CONVERSION = YES;
				CLANG_WARN_DEPRECATED_OBJC_IMPLEMENTATIONS = YES;
				CLANG_WARN_DIRECT_OBJC_ISA_USAGE = YES_ERROR;
				CLANG_WARN_DOCUMENTATION_COMMENTS = YES;
				CLANG_WARN_EMPTY_BODY = YES;
				CLANG_WARN_ENUM_CONVERSION = YES;
				CLANG_WARN_INFINITE_RECURSION = YES;
				CLANG_WARN_INT_CONVERSION = YES;
				CLANG_WARN_NON_LITERAL_NULL_CONVERSION = YES;
				CLANG_WARN_OBJC_IMPLICIT_RETAIN_SELF = YES;
				CLANG_WARN_OBJC_LITERAL_CONVERSION = YES;
				CLANG_WARN_OBJC_ROOT_CLASS = YES_ERROR;
				CLANG_WARN_QUOTED_INCLUDE_IN_FRAMEWORK_HEADER = YES;
				CLANG_WARN_RANGE_LOOP_ANALYSIS = YES;
				CLANG_WARN_STRICT_PROTOTYPES = YES;
				CLANG_WARN_SUSPICIOUS_MOVE = YES;
				CLANG_WARN_UNGUARDED_AVAILABILITY = YES_AGGRESSIVE;
				CLANG_WARN_UNREACHABLE_CODE = YES;
				CLANG_WARN__DUPLICATE_METHOD_MATCH = YES;
				COPY_PHASE_STRIP = NO;
				DEBUG_INFORMATION_FORMAT = "dwarf-with-dsym";
				ENABLE_NS_ASSERTIONS = NO;
				ENABLE_STRICT_OBJC_MSGSEND = YES;
				ENABLE_USER_SCRIPT_SANDBOXING = YES;
				GCC_C_LANGUAGE_STANDARD = gnu17;
				GCC_NO_COMMON_BLOCKS = YES;
				GCC_WARN_64_TO_32_BIT_CONVERSION = YES;
				GCC_WARN_ABOUT_RETURN_TYPE = YES_ERROR;
				GCC_WARN_UNDECLARED_SELECTOR = YES;
				GCC_WARN_UNINITIALIZED_AUTOS = YES_AGGRESSIVE;
				GCC_WARN_UNUSED_FUNCTION = YES;
				GCC_WARN_UNUSED_VARIABLE = YES;
				IPHONEOS_DEPLOYMENT_TARGET = 17.4;
				LOCALIZATION_PREFERS_STRING_CATALOGS = YES;
				MTL_ENABLE_DEBUG_INFO = NO;
				MTL_FAST_MATH = YES;
				SDKROOT = iphoneos;
				SWIFT_COMPILATION_MODE = wholemodule;
				VALIDATE_PRODUCT = YES;
			};
			name = Release;
		};
		4BC500D82C6672460019F624 /* Debug */ = {
			isa = XCBuildConfiguration;
			buildSettings = {
				ASSETCATALOG_COMPILER_APPICON_NAME = AppIcon;
				ASSETCATALOG_COMPILER_GLOBAL_ACCENT_COLOR_NAME = AccentColor;
				CODE_SIGN_STYLE = Automatic;
				CURRENT_PROJECT_VERSION = 1;
				DEVELOPMENT_TEAM = T5T88TPKBF;
				GENERATE_INFOPLIST_FILE = YES;
				INFOPLIST_FILE = IoTApp/Info.plist;
				INFOPLIST_KEY_NSBluetoothAlwaysUsageDescription = "Our app uses bluetooth to find, connect and transfer data between different devices";
				INFOPLIST_KEY_UIApplicationSupportsIndirectInputEvents = YES;
				INFOPLIST_KEY_UILaunchStoryboardName = LaunchScreen;
				INFOPLIST_KEY_UIMainStoryboardFile = Main;
				INFOPLIST_KEY_UISupportedInterfaceOrientations_iPad = "UIInterfaceOrientationPortrait UIInterfaceOrientationPortraitUpsideDown UIInterfaceOrientationLandscapeLeft UIInterfaceOrientationLandscapeRight";
				INFOPLIST_KEY_UISupportedInterfaceOrientations_iPhone = "UIInterfaceOrientationPortrait UIInterfaceOrientationLandscapeLeft UIInterfaceOrientationLandscapeRight";
				IPHONEOS_DEPLOYMENT_TARGET = 15.0;
				LD_RUNPATH_SEARCH_PATHS = (
					"$(inherited)",
					"@executable_path/Frameworks",
				);
				MARKETING_VERSION = 1.0;
				PRODUCT_BUNDLE_IDENTIFIER = com.consumer.ApiTap;
				PRODUCT_NAME = "$(TARGET_NAME)";
				SWIFT_EMIT_LOC_STRINGS = YES;
				SWIFT_VERSION = 5.0;
				TARGETED_DEVICE_FAMILY = "1,2";
			};
			name = Debug;
		};
		4BC500D92C6672460019F624 /* Release */ = {
			isa = XCBuildConfiguration;
			buildSettings = {
				ASSETCATALOG_COMPILER_APPICON_NAME = AppIcon;
				ASSETCATALOG_COMPILER_GLOBAL_ACCENT_COLOR_NAME = AccentColor;
				CODE_SIGN_STYLE = Automatic;
				CURRENT_PROJECT_VERSION = 1;
				DEVELOPMENT_TEAM = T5T88TPKBF;
				GENERATE_INFOPLIST_FILE = YES;
				INFOPLIST_FILE = IoTApp/Info.plist;
				INFOPLIST_KEY_NSBluetoothAlwaysUsageDescription = "Our app uses bluetooth to find, connect and transfer data between different devices";
				INFOPLIST_KEY_UIApplicationSupportsIndirectInputEvents = YES;
				INFOPLIST_KEY_UILaunchStoryboardName = LaunchScreen;
				INFOPLIST_KEY_UIMainStoryboardFile = Main;
				INFOPLIST_KEY_UISupportedInterfaceOrientations_iPad = "UIInterfaceOrientationPortrait UIInterfaceOrientationPortraitUpsideDown UIInterfaceOrientationLandscapeLeft UIInterfaceOrientationLandscapeRight";
				INFOPLIST_KEY_UISupportedInterfaceOrientations_iPhone = "UIInterfaceOrientationPortrait UIInterfaceOrientationLandscapeLeft UIInterfaceOrientationLandscapeRight";
				IPHONEOS_DEPLOYMENT_TARGET = 15.0;
				LD_RUNPATH_SEARCH_PATHS = (
					"$(inherited)",
					"@executable_path/Frameworks",
				);
				MARKETING_VERSION = 1.0;
				PRODUCT_BUNDLE_IDENTIFIER = com.consumer.ApiTap;
				PRODUCT_NAME = "$(TARGET_NAME)";
				SWIFT_EMIT_LOC_STRINGS = YES;
				SWIFT_VERSION = 5.0;
				TARGETED_DEVICE_FAMILY = "1,2";
			};
			name = Release;
		};
		4BC500DB2C6672460019F624 /* Debug */ = {
			isa = XCBuildConfiguration;
			buildSettings = {
				ALWAYS_EMBED_SWIFT_STANDARD_LIBRARIES = YES;
				BUNDLE_LOADER = "$(TEST_HOST)";
				CODE_SIGN_STYLE = Automatic;
				CURRENT_PROJECT_VERSION = 1;
				GENERATE_INFOPLIST_FILE = YES;
				IPHONEOS_DEPLOYMENT_TARGET = 17.4;
				MARKETING_VERSION = 1.0;
				PRODUCT_BUNDLE_IDENTIFIER = com.interview.cc.IoTAppTests;
				PRODUCT_NAME = "$(TARGET_NAME)";
				SWIFT_EMIT_LOC_STRINGS = NO;
				SWIFT_VERSION = 5.0;
				TARGETED_DEVICE_FAMILY = "1,2";
				TEST_HOST = "$(BUILT_PRODUCTS_DIR)/IoTApp.app/$(BUNDLE_EXECUTABLE_FOLDER_PATH)/IoTApp";
			};
			name = Debug;
		};
		4BC500DC2C6672460019F624 /* Release */ = {
			isa = XCBuildConfiguration;
			buildSettings = {
				ALWAYS_EMBED_SWIFT_STANDARD_LIBRARIES = YES;
				BUNDLE_LOADER = "$(TEST_HOST)";
				CODE_SIGN_STYLE = Automatic;
				CURRENT_PROJECT_VERSION = 1;
				GENERATE_INFOPLIST_FILE = YES;
				IPHONEOS_DEPLOYMENT_TARGET = 17.4;
				MARKETING_VERSION = 1.0;
				PRODUCT_BUNDLE_IDENTIFIER = com.interview.cc.IoTAppTests;
				PRODUCT_NAME = "$(TARGET_NAME)";
				SWIFT_EMIT_LOC_STRINGS = NO;
				SWIFT_VERSION = 5.0;
				TARGETED_DEVICE_FAMILY = "1,2";
				TEST_HOST = "$(BUILT_PRODUCTS_DIR)/IoTApp.app/$(BUNDLE_EXECUTABLE_FOLDER_PATH)/IoTApp";
			};
			name = Release;
		};
		4BC500DE2C6672460019F624 /* Debug */ = {
			isa = XCBuildConfiguration;
			buildSettings = {
				ALWAYS_EMBED_SWIFT_STANDARD_LIBRARIES = YES;
				CODE_SIGN_STYLE = Automatic;
				CURRENT_PROJECT_VERSION = 1;
				GENERATE_INFOPLIST_FILE = YES;
				MARKETING_VERSION = 1.0;
				PRODUCT_BUNDLE_IDENTIFIER = com.interview.cc.IoTAppUITests;
				PRODUCT_NAME = "$(TARGET_NAME)";
				SWIFT_EMIT_LOC_STRINGS = NO;
				SWIFT_VERSION = 5.0;
				TARGETED_DEVICE_FAMILY = "1,2";
				TEST_TARGET_NAME = IoTApp;
			};
			name = Debug;
		};
		4BC500DF2C6672460019F624 /* Release */ = {
			isa = XCBuildConfiguration;
			buildSettings = {
				ALWAYS_EMBED_SWIFT_STANDARD_LIBRARIES = YES;
				CODE_SIGN_STYLE = Automatic;
				CURRENT_PROJECT_VERSION = 1;
				GENERATE_INFOPLIST_FILE = YES;
				MARKETING_VERSION = 1.0;
				PRODUCT_BUNDLE_IDENTIFIER = com.interview.cc.IoTAppUITests;
				PRODUCT_NAME = "$(TARGET_NAME)";
				SWIFT_EMIT_LOC_STRINGS = NO;
				SWIFT_VERSION = 5.0;
				TARGETED_DEVICE_FAMILY = "1,2";
				TEST_TARGET_NAME = IoTApp;
			};
			name = Release;
		};
/* End XCBuildConfiguration section */

/* Begin XCConfigurationList section */
		4BC500A82C6672450019F624 /* Build configuration list for PBXProject "IoTApp" */ = {
			isa = XCConfigurationList;
			buildConfigurations = (
				4BC500D52C6672460019F624 /* Debug */,
				4BC500D62C6672460019F624 /* Release */,
			);
			defaultConfigurationIsVisible = 0;
			defaultConfigurationName = Release;
		};
		4BC500D72C6672460019F624 /* Build configuration list for PBXNativeTarget "IoTApp" */ = {
			isa = XCConfigurationList;
			buildConfigurations = (
				4BC500D82C6672460019F624 /* Debug */,
				4BC500D92C6672460019F624 /* Release */,
			);
			defaultConfigurationIsVisible = 0;
			defaultConfigurationName = Release;
		};
		4BC500DA2C6672460019F624 /* Build configuration list for PBXNativeTarget "IoTAppTests" */ = {
			isa = XCConfigurationList;
			buildConfigurations = (
				4BC500DB2C6672460019F624 /* Debug */,
				4BC500DC2C6672460019F624 /* Release */,
			);
			defaultConfigurationIsVisible = 0;
			defaultConfigurationName = Release;
		};
		4BC500DD2C6672460019F624 /* Build configuration list for PBXNativeTarget "IoTAppUITests" */ = {
			isa = XCConfigurationList;
			buildConfigurations = (
				4BC500DE2C6672460019F624 /* Debug */,
				4BC500DF2C6672460019F624 /* Release */,
			);
			defaultConfigurationIsVisible = 0;
			defaultConfigurationName = Release;
		};
/* End XCConfigurationList section */
	};
	rootObject = 4BC500A52C6672450019F624 /* Project object */;
}
